// !$*UTF8*$!
{
	archiveVersion = 1;
	classes = {
	};
	objectVersion = 46;
	objects = {

/* Begin PBXBuildFile section */
		298556C4642E4681094F7B98 /* Pods_FlickerPhotoViewer.framework in Frameworks */ = {isa = PBXBuildFile; fileRef = 5335A979491C2C12A198ED2E /* Pods_FlickerPhotoViewer.framework */; };
		B8068E051F1F5EEE00D54653 /* MBProgressHUD.m in Sources */ = {isa = PBXBuildFile; fileRef = B8068E031F1F5EEE00D54653 /* MBProgressHUD.m */; };
		B8068E061F1F5EEE00D54653 /* ParentViewController.swift in Sources */ = {isa = PBXBuildFile; fileRef = B8068E041F1F5EEE00D54653 /* ParentViewController.swift */; };
		B8105CBD1F260305002ADD6F /* FlickerPhotoViewer.xcdatamodeld in Sources */ = {isa = PBXBuildFile; fileRef = B8105CBB1F260305002ADD6F /* FlickerPhotoViewer.xcdatamodeld */; };
		B81320061F20C8300038FE6B /* LandingViewController.swift in Sources */ = {isa = PBXBuildFile; fileRef = B81320051F20C8300038FE6B /* LandingViewController.swift */; };
		B813200F1F20D9460038FE6B /* MFSideMenuContainerViewController.m in Sources */ = {isa = PBXBuildFile; fileRef = B813200B1F20D9460038FE6B /* MFSideMenuContainerViewController.m */; };
		B81320101F20D9460038FE6B /* MFSideMenuShadow.m in Sources */ = {isa = PBXBuildFile; fileRef = B813200C1F20D9460038FE6B /* MFSideMenuShadow.m */; };
		B81320111F20D9460038FE6B /* UIViewController+MFSideMenuAdditions.m in Sources */ = {isa = PBXBuildFile; fileRef = B813200E1F20D9460038FE6B /* UIViewController+MFSideMenuAdditions.m */; };
		B81320131F20DB080038FE6B /* SideViewController.swift in Sources */ = {isa = PBXBuildFile; fileRef = B81320121F20DB080038FE6B /* SideViewController.swift */; };
		B81320151F20DB190038FE6B /* SideMenuTableViewCell.swift in Sources */ = {isa = PBXBuildFile; fileRef = B81320141F20DB190038FE6B /* SideMenuTableViewCell.swift */; };
		B81320171F20EC960038FE6B /* userTableViewCell.swift in Sources */ = {isa = PBXBuildFile; fileRef = B81320161F20EC960038FE6B /* userTableViewCell.swift */; };
		B81320191F20F5B80038FE6B /* FullImageVC.swift in Sources */ = {isa = PBXBuildFile; fileRef = B81320181F20F5B80038FE6B /* FullImageVC.swift */; };
		B8342A9D1F28D23D00EDCBBD /* WebViewController.swift in Sources */ = {isa = PBXBuildFile; fileRef = B8342A9C1F28D23D00EDCBBD /* WebViewController.swift */; };
		B8786A711F1CA5E60047294E /* AppDelegate.swift in Sources */ = {isa = PBXBuildFile; fileRef = B8786A701F1CA5E60047294E /* AppDelegate.swift */; };
		B8786A731F1CA5E60047294E /* MainVC.swift in Sources */ = {isa = PBXBuildFile; fileRef = B8786A721F1CA5E60047294E /* MainVC.swift */; };
		B8786A761F1CA5E60047294E /* Main.storyboard in Resources */ = {isa = PBXBuildFile; fileRef = B8786A741F1CA5E60047294E /* Main.storyboard */; };
		B8786A781F1CA5E60047294E /* Assets.xcassets in Resources */ = {isa = PBXBuildFile; fileRef = B8786A771F1CA5E60047294E /* Assets.xcassets */; };
		B8786A7B1F1CA5E60047294E /* LaunchScreen.storyboard in Resources */ = {isa = PBXBuildFile; fileRef = B8786A791F1CA5E60047294E /* LaunchScreen.storyboard */; };
		B8786A861F1CADE90047294E /* FlickrCell.swift in Sources */ = {isa = PBXBuildFile; fileRef = B8786A851F1CADE90047294E /* FlickrCell.swift */; };
		B8786A881F1CB3BE0047294E /* FlickrUser.swift in Sources */ = {isa = PBXBuildFile; fileRef = B8786A871F1CB3BE0047294E /* FlickrUser.swift */; };
		B8786A8B1F1CB5720047294E /* Constants.swift in Sources */ = {isa = PBXBuildFile; fileRef = B8786A8A1F1CB5720047294E /* Constants.swift */; };
		B893D6551F2683B5009328AE /* ImageOfFlickrUser.swift in Sources */ = {isa = PBXBuildFile; fileRef = B893D6541F2683B5009328AE /* ImageOfFlickrUser.swift */; };
		B89424C41F1CD22F0003CD33 /* UserPhotosVC.swift in Sources */ = {isa = PBXBuildFile; fileRef = B89424C31F1CD22F0003CD33 /* UserPhotosVC.swift */; };
		B8CAF8B01F29E04D00E883D9 /* ContainorView.swift in Sources */ = {isa = PBXBuildFile; fileRef = B8CAF8AF1F29E04D00E883D9 /* ContainorView.swift */; };
		B8DCD22E1F27432D0081CB01 /* LikesVC.swift in Sources */ = {isa = PBXBuildFile; fileRef = B8DCD22D1F27432C0081CB01 /* LikesVC.swift */; };
		B8DCD2301F274F770081CB01 /* DownloadVC.swift in Sources */ = {isa = PBXBuildFile; fileRef = B8DCD22F1F274F770081CB01 /* DownloadVC.swift */; };
		B8DCD2321F2756430081CB01 /* LikesCell.swift in Sources */ = {isa = PBXBuildFile; fileRef = B8DCD2311F2756430081CB01 /* LikesCell.swift */; };
		B8DCD2341F2775100081CB01 /* DownloadCell.swift in Sources */ = {isa = PBXBuildFile; fileRef = B8DCD2331F2775100081CB01 /* DownloadCell.swift */; };
/* End PBXBuildFile section */

/* Begin PBXFileReference section */
		5335A979491C2C12A198ED2E /* Pods_FlickerPhotoViewer.framework */ = {isa = PBXFileReference; explicitFileType = wrapper.framework; includeInIndex = 0; path = Pods_FlickerPhotoViewer.framework; sourceTree = BUILT_PRODUCTS_DIR; };
		6908639A7843020CDA43056C /* Pods-FlickerPhotoViewer.release.xcconfig */ = {isa = PBXFileReference; includeInIndex = 1; lastKnownFileType = text.xcconfig; name = "Pods-FlickerPhotoViewer.release.xcconfig"; path = "Pods/Target Support Files/Pods-FlickerPhotoViewer/Pods-FlickerPhotoViewer.release.xcconfig"; sourceTree = "<group>"; };
		6F5049B3BFA4B17370508B3C /* Pods-FlickerPhotoViewer.debug.xcconfig */ = {isa = PBXFileReference; includeInIndex = 1; lastKnownFileType = text.xcconfig; name = "Pods-FlickerPhotoViewer.debug.xcconfig"; path = "Pods/Target Support Files/Pods-FlickerPhotoViewer/Pods-FlickerPhotoViewer.debug.xcconfig"; sourceTree = "<group>"; };
		B8068E011F1F5EED00D54653 /* FlickerPhotoViewer-Bridging-Header.h */ = {isa = PBXFileReference; lastKnownFileType = sourcecode.c.h; path = "FlickerPhotoViewer-Bridging-Header.h"; sourceTree = "<group>"; };
		B8068E021F1F5EEE00D54653 /* MBProgressHUD.h */ = {isa = PBXFileReference; fileEncoding = 4; lastKnownFileType = sourcecode.c.h; path = MBProgressHUD.h; sourceTree = "<group>"; };
		B8068E031F1F5EEE00D54653 /* MBProgressHUD.m */ = {isa = PBXFileReference; fileEncoding = 4; lastKnownFileType = sourcecode.c.objc; path = MBProgressHUD.m; sourceTree = "<group>"; };
		B8068E041F1F5EEE00D54653 /* ParentViewController.swift */ = {isa = PBXFileReference; fileEncoding = 4; lastKnownFileType = sourcecode.swift; path = ParentViewController.swift; sourceTree = "<group>"; };
		B8105CBC1F260305002ADD6F /* FlickerPhotoViewer.xcdatamodel */ = {isa = PBXFileReference; lastKnownFileType = wrapper.xcdatamodel; path = FlickerPhotoViewer.xcdatamodel; sourceTree = "<group>"; };
		B81320051F20C8300038FE6B /* LandingViewController.swift */ = {isa = PBXFileReference; fileEncoding = 4; lastKnownFileType = sourcecode.swift; path = LandingViewController.swift; sourceTree = "<group>"; };
		B81320081F20D9460038FE6B /* MFSideMenuShadow.h */ = {isa = PBXFileReference; fileEncoding = 4; lastKnownFileType = sourcecode.c.h; path = MFSideMenuShadow.h; sourceTree = "<group>"; };
		B81320091F20D9460038FE6B /* MFSideMenu.h */ = {isa = PBXFileReference; fileEncoding = 4; lastKnownFileType = sourcecode.c.h; path = MFSideMenu.h; sourceTree = "<group>"; };
		B813200A1F20D9460038FE6B /* MFSideMenuContainerViewController.h */ = {isa = PBXFileReference; fileEncoding = 4; lastKnownFileType = sourcecode.c.h; path = MFSideMenuContainerViewController.h; sourceTree = "<group>"; };
		B813200B1F20D9460038FE6B /* MFSideMenuContainerViewController.m */ = {isa = PBXFileReference; fileEncoding = 4; lastKnownFileType = sourcecode.c.objc; path = MFSideMenuContainerViewController.m; sourceTree = "<group>"; };
		B813200C1F20D9460038FE6B /* MFSideMenuShadow.m */ = {isa = PBXFileReference; fileEncoding = 4; lastKnownFileType = sourcecode.c.objc; path = MFSideMenuShadow.m; sourceTree = "<group>"; };
		B813200D1F20D9460038FE6B /* UIViewController+MFSideMenuAdditions.h */ = {isa = PBXFileReference; fileEncoding = 4; lastKnownFileType = sourcecode.c.h; path = "UIViewController+MFSideMenuAdditions.h"; sourceTree = "<group>"; };
		B813200E1F20D9460038FE6B /* UIViewController+MFSideMenuAdditions.m */ = {isa = PBXFileReference; fileEncoding = 4; lastKnownFileType = sourcecode.c.objc; path = "UIViewController+MFSideMenuAdditions.m"; sourceTree = "<group>"; };
		B81320121F20DB080038FE6B /* SideViewController.swift */ = {isa = PBXFileReference; fileEncoding = 4; lastKnownFileType = sourcecode.swift; path = SideViewController.swift; sourceTree = "<group>"; };
		B81320141F20DB190038FE6B /* SideMenuTableViewCell.swift */ = {isa = PBXFileReference; fileEncoding = 4; lastKnownFileType = sourcecode.swift; path = SideMenuTableViewCell.swift; sourceTree = "<group>"; };
		B81320161F20EC960038FE6B /* userTableViewCell.swift */ = {isa = PBXFileReference; fileEncoding = 4; lastKnownFileType = sourcecode.swift; path = userTableViewCell.swift; sourceTree = "<group>"; };
		B81320181F20F5B80038FE6B /* FullImageVC.swift */ = {isa = PBXFileReference; fileEncoding = 4; lastKnownFileType = sourcecode.swift; path = FullImageVC.swift; sourceTree = "<group>"; };
		B8342A9C1F28D23D00EDCBBD /* WebViewController.swift */ = {isa = PBXFileReference; fileEncoding = 4; lastKnownFileType = sourcecode.swift; path = WebViewController.swift; sourceTree = "<group>"; };
		B8437B401F25DAE8004B3EFA /* FlickerPhotoViewer.entitlements */ = {isa = PBXFileReference; lastKnownFileType = text.plist.entitlements; path = FlickerPhotoViewer.entitlements; sourceTree = "<group>"; };
		B8786A6D1F1CA5E60047294E /* FlickerPhotoViewer.app */ = {isa = PBXFileReference; explicitFileType = wrapper.application; includeInIndex = 0; path = FlickerPhotoViewer.app; sourceTree = BUILT_PRODUCTS_DIR; };
		B8786A701F1CA5E60047294E /* AppDelegate.swift */ = {isa = PBXFileReference; lastKnownFileType = sourcecode.swift; path = AppDelegate.swift; sourceTree = "<group>"; };
		B8786A721F1CA5E60047294E /* MainVC.swift */ = {isa = PBXFileReference; lastKnownFileType = sourcecode.swift; path = MainVC.swift; sourceTree = "<group>"; };
		B8786A751F1CA5E60047294E /* Base */ = {isa = PBXFileReference; lastKnownFileType = file.storyboard; name = Base; path = Base.lproj/Main.storyboard; sourceTree = "<group>"; };
		B8786A771F1CA5E60047294E /* Assets.xcassets */ = {isa = PBXFileReference; lastKnownFileType = folder.assetcatalog; path = Assets.xcassets; sourceTree = "<group>"; };
		B8786A7A1F1CA5E60047294E /* Base */ = {isa = PBXFileReference; lastKnownFileType = file.storyboard; name = Base; path = Base.lproj/LaunchScreen.storyboard; sourceTree = "<group>"; };
		B8786A7C1F1CA5E60047294E /* Info.plist */ = {isa = PBXFileReference; lastKnownFileType = text.plist.xml; path = Info.plist; sourceTree = "<group>"; };
		B8786A851F1CADE90047294E /* FlickrCell.swift */ = {isa = PBXFileReference; fileEncoding = 4; lastKnownFileType = sourcecode.swift; path = FlickrCell.swift; sourceTree = "<group>"; };
		B8786A871F1CB3BE0047294E /* FlickrUser.swift */ = {isa = PBXFileReference; fileEncoding = 4; lastKnownFileType = sourcecode.swift; path = FlickrUser.swift; sourceTree = "<group>"; };
		B8786A8A1F1CB5720047294E /* Constants.swift */ = {isa = PBXFileReference; fileEncoding = 4; lastKnownFileType = sourcecode.swift; path = Constants.swift; sourceTree = "<group>"; };
		B893D6541F2683B5009328AE /* ImageOfFlickrUser.swift */ = {isa = PBXFileReference; fileEncoding = 4; lastKnownFileType = sourcecode.swift; path = ImageOfFlickrUser.swift; sourceTree = "<group>"; };
		B89424C31F1CD22F0003CD33 /* UserPhotosVC.swift */ = {isa = PBXFileReference; fileEncoding = 4; lastKnownFileType = sourcecode.swift; path = UserPhotosVC.swift; sourceTree = "<group>"; };
		B8CAF8AF1F29E04D00E883D9 /* ContainorView.swift */ = {isa = PBXFileReference; fileEncoding = 4; lastKnownFileType = sourcecode.swift; path = ContainorView.swift; sourceTree = "<group>"; };
		B8DCD22D1F27432C0081CB01 /* LikesVC.swift */ = {isa = PBXFileReference; fileEncoding = 4; lastKnownFileType = sourcecode.swift; path = LikesVC.swift; sourceTree = "<group>"; };
		B8DCD22F1F274F770081CB01 /* DownloadVC.swift */ = {isa = PBXFileReference; fileEncoding = 4; lastKnownFileType = sourcecode.swift; path = DownloadVC.swift; sourceTree = "<group>"; };
		B8DCD2311F2756430081CB01 /* LikesCell.swift */ = {isa = PBXFileReference; fileEncoding = 4; lastKnownFileType = sourcecode.swift; path = LikesCell.swift; sourceTree = "<group>"; };
		B8DCD2331F2775100081CB01 /* DownloadCell.swift */ = {isa = PBXFileReference; fileEncoding = 4; lastKnownFileType = sourcecode.swift; path = DownloadCell.swift; sourceTree = "<group>"; };
/* End PBXFileReference section */

/* Begin PBXFrameworksBuildPhase section */
		B8786A6A1F1CA5E60047294E /* Frameworks */ = {
			isa = PBXFrameworksBuildPhase;
			buildActionMask = 2147483647;
			files = (
				298556C4642E4681094F7B98 /* Pods_FlickerPhotoViewer.framework in Frameworks */,
			);
			runOnlyForDeploymentPostprocessing = 0;
		};
/* End PBXFrameworksBuildPhase section */

/* Begin PBXGroup section */
		7E6C540D22692519C07B319B /* Frameworks */ = {
			isa = PBXGroup;
			children = (
				5335A979491C2C12A198ED2E /* Pods_FlickerPhotoViewer.framework */,
			);
			name = Frameworks;
			sourceTree = "<group>";
		};
		B81320071F20D9350038FE6B /* SideMenu */ = {
			isa = PBXGroup;
			children = (
				B8CAF8AF1F29E04D00E883D9 /* ContainorView.swift */,
				B81320081F20D9460038FE6B /* MFSideMenuShadow.h */,
				B81320091F20D9460038FE6B /* MFSideMenu.h */,
				B813200A1F20D9460038FE6B /* MFSideMenuContainerViewController.h */,
				B813200B1F20D9460038FE6B /* MFSideMenuContainerViewController.m */,
				B813200C1F20D9460038FE6B /* MFSideMenuShadow.m */,
				B813200D1F20D9460038FE6B /* UIViewController+MFSideMenuAdditions.h */,
				B813200E1F20D9460038FE6B /* UIViewController+MFSideMenuAdditions.m */,
			);
			name = SideMenu;
			sourceTree = "<group>";
		};
		B83A46AA1F278F6E00F4A85B /* Flickr user Photos */ = {
			isa = PBXGroup;
			children = (
				B89424C31F1CD22F0003CD33 /* UserPhotosVC.swift */,
				B81320161F20EC960038FE6B /* userTableViewCell.swift */,
			);
			name = "Flickr user Photos";
			sourceTree = "<group>";
		};
		B83A46AB1F278F7E00F4A85B /* Full image VC */ = {
			isa = PBXGroup;
			children = (
				B81320181F20F5B80038FE6B /* FullImageVC.swift */,
			);
			name = "Full image VC";
			sourceTree = "<group>";
		};
		B83A46AC1F278FCE00F4A85B /* Side Menu */ = {
			isa = PBXGroup;
			children = (
				B81320121F20DB080038FE6B /* SideViewController.swift */,
				B81320141F20DB190038FE6B /* SideMenuTableViewCell.swift */,
			);
			name = "Side Menu";
			sourceTree = "<group>";
		};
		B83A46AD1F278FDC00F4A85B /* Likes VC */ = {
			isa = PBXGroup;
			children = (
				B8DCD22D1F27432C0081CB01 /* LikesVC.swift */,
				B8DCD2311F2756430081CB01 /* LikesCell.swift */,
			);
			name = "Likes VC";
			sourceTree = "<group>";
		};
		B83A46AF1F278FF300F4A85B /* Download VC */ = {
			isa = PBXGroup;
			children = (
				B8DCD22F1F274F770081CB01 /* DownloadVC.swift */,
				B8DCD2331F2775100081CB01 /* DownloadCell.swift */,
			);
			name = "Download VC";
			sourceTree = "<group>";
		};
		B83A46B01F2790C200F4A85B /* ProgressBar */ = {
			isa = PBXGroup;
			children = (
				B8068E041F1F5EEE00D54653 /* ParentViewController.swift */,
				B8068E021F1F5EEE00D54653 /* MBProgressHUD.h */,
				B8068E031F1F5EEE00D54653 /* MBProgressHUD.m */,
			);
			name = ProgressBar;
			sourceTree = "<group>";
		};
		B8786A641F1CA5E60047294E = {
			isa = PBXGroup;
			children = (
				B8786A6F1F1CA5E60047294E /* FlickerPhotoViewer */,
				B8786A6E1F1CA5E60047294E /* Products */,
				EDB209B6C750FE226962CAC0 /* Pods */,
				7E6C540D22692519C07B319B /* Frameworks */,
			);
			sourceTree = "<group>";
		};
		B8786A6E1F1CA5E60047294E /* Products */ = {
			isa = PBXGroup;
			children = (
				B8786A6D1F1CA5E60047294E /* FlickerPhotoViewer.app */,
			);
			name = Products;
			sourceTree = "<group>";
		};
		B8786A6F1F1CA5E60047294E /* FlickerPhotoViewer */ = {
			isa = PBXGroup;
			children = (
				B8786A821F1CA6250047294E /* Model */,
				B8786A831F1CA62E0047294E /* Landing VC */,
				B8786A841F1CA6340047294E /* Main VC */,
				B83A46AA1F278F6E00F4A85B /* Flickr user Photos */,
				B83A46AB1F278F7E00F4A85B /* Full image VC */,
				B83A46AC1F278FCE00F4A85B /* Side Menu */,
				B83A46AD1F278FDC00F4A85B /* Likes VC */,
				B83A46AF1F278FF300F4A85B /* Download VC */,
				B8786A891F1CB55B0047294E /* Resources */,
				B8786A701F1CA5E60047294E /* AppDelegate.swift */,
				B8786A741F1CA5E60047294E /* Main.storyboard */,
				B8786A771F1CA5E60047294E /* Assets.xcassets */,
				B8786A791F1CA5E60047294E /* LaunchScreen.storyboard */,
				B8786A7C1F1CA5E60047294E /* Info.plist */,
				B8105CBB1F260305002ADD6F /* FlickerPhotoViewer.xcdatamodeld */,
				B8437B401F25DAE8004B3EFA /* FlickerPhotoViewer.entitlements */,
			);
			path = FlickerPhotoViewer;
			sourceTree = "<group>";
		};
		B8786A821F1CA6250047294E /* Model */ = {
			isa = PBXGroup;
			children = (
				B8786A871F1CB3BE0047294E /* FlickrUser.swift */,
				B893D6541F2683B5009328AE /* ImageOfFlickrUser.swift */,
			);
			name = Model;
			sourceTree = "<group>";
		};
		B8786A831F1CA62E0047294E /* Landing VC */ = {
			isa = PBXGroup;
			children = (
				B81320051F20C8300038FE6B /* LandingViewController.swift */,
				B8342A9C1F28D23D00EDCBBD /* WebViewController.swift */,
			);
			name = "Landing VC";
			sourceTree = "<group>";
		};
		B8786A841F1CA6340047294E /* Main VC */ = {
			isa = PBXGroup;
			children = (
				B8786A851F1CADE90047294E /* FlickrCell.swift */,
				B8786A721F1CA5E60047294E /* MainVC.swift */,
			);
			name = "Main VC";
			sourceTree = "<group>";
		};
		B8786A891F1CB55B0047294E /* Resources */ = {
			isa = PBXGroup;
			children = (
				B83A46B01F2790C200F4A85B /* ProgressBar */,
				B81320071F20D9350038FE6B /* SideMenu */,
				B8786A8A1F1CB5720047294E /* Constants.swift */,
				B8068E011F1F5EED00D54653 /* FlickerPhotoViewer-Bridging-Header.h */,
			);
			name = Resources;
			sourceTree = "<group>";
		};
		EDB209B6C750FE226962CAC0 /* Pods */ = {
			isa = PBXGroup;
			children = (
				6F5049B3BFA4B17370508B3C /* Pods-FlickerPhotoViewer.debug.xcconfig */,
				6908639A7843020CDA43056C /* Pods-FlickerPhotoViewer.release.xcconfig */,
			);
			name = Pods;
			sourceTree = "<group>";
		};
/* End PBXGroup section */

/* Begin PBXNativeTarget section */
		B8786A6C1F1CA5E60047294E /* FlickerPhotoViewer */ = {
			isa = PBXNativeTarget;
			buildConfigurationList = B8786A7F1F1CA5E60047294E /* Build configuration list for PBXNativeTarget "FlickerPhotoViewer" */;
			buildPhases = (
				6A2D9964777D4E41E098E7DC /* [CP] Check Pods Manifest.lock */,
				B8786A691F1CA5E60047294E /* Sources */,
				B8786A6A1F1CA5E60047294E /* Frameworks */,
				B8786A6B1F1CA5E60047294E /* Resources */,
				05BE58F9DB36100C8C21BD39 /* [CP] Embed Pods Frameworks */,
				E44B9795DD5C1529EEE62860 /* [CP] Copy Pods Resources */,
			);
			buildRules = (
			);
			dependencies = (
			);
			name = FlickerPhotoViewer;
			productName = FlickerPhotoViewer;
			productReference = B8786A6D1F1CA5E60047294E /* FlickerPhotoViewer.app */;
			productType = "com.apple.product-type.application";
		};
/* End PBXNativeTarget section */

/* Begin PBXProject section */
		B8786A651F1CA5E60047294E /* Project object */ = {
			isa = PBXProject;
			attributes = {
				LastSwiftUpdateCheck = 0830;
				LastUpgradeCheck = 0830;
				ORGANIZATIONNAME = Bassyouni;
				TargetAttributes = {
					B8786A6C1F1CA5E60047294E = {
						CreatedOnToolsVersion = 8.3.3;
						DevelopmentTeam = R9APBUX8U9;
						LastSwiftMigration = 0830;
						ProvisioningStyle = Automatic;
						SystemCapabilities = {
							com.apple.Keychain = {
								enabled = 1;
							};
						};
					};
				};
			};
			buildConfigurationList = B8786A681F1CA5E60047294E /* Build configuration list for PBXProject "FlickerPhotoViewer" */;
			compatibilityVersion = "Xcode 3.2";
			developmentRegion = English;
			hasScannedForEncodings = 0;
			knownRegions = (
				en,
				Base,
			);
			mainGroup = B8786A641F1CA5E60047294E;
			productRefGroup = B8786A6E1F1CA5E60047294E /* Products */;
			projectDirPath = "";
			projectRoot = "";
			targets = (
				B8786A6C1F1CA5E60047294E /* FlickerPhotoViewer */,
			);
		};
/* End PBXProject section */

/* Begin PBXResourcesBuildPhase section */
		B8786A6B1F1CA5E60047294E /* Resources */ = {
			isa = PBXResourcesBuildPhase;
			buildActionMask = 2147483647;
			files = (
				B8786A7B1F1CA5E60047294E /* LaunchScreen.storyboard in Resources */,
				B8786A781F1CA5E60047294E /* Assets.xcassets in Resources */,
				B8786A761F1CA5E60047294E /* Main.storyboard in Resources */,
			);
			runOnlyForDeploymentPostprocessing = 0;
		};
/* End PBXResourcesBuildPhase section */

/* Begin PBXShellScriptBuildPhase section */
		05BE58F9DB36100C8C21BD39 /* [CP] Embed Pods Frameworks */ = {
			isa = PBXShellScriptBuildPhase;
			buildActionMask = 2147483647;
			files = (
			);
			inputPaths = (
			);
			name = "[CP] Embed Pods Frameworks";
			outputPaths = (
			);
			runOnlyForDeploymentPostprocessing = 0;
			shellPath = /bin/sh;
			shellScript = "\"${SRCROOT}/Pods/Target Support Files/Pods-FlickerPhotoViewer/Pods-FlickerPhotoViewer-frameworks.sh\"\n";
			showEnvVarsInLog = 0;
		};
		6A2D9964777D4E41E098E7DC /* [CP] Check Pods Manifest.lock */ = {
			isa = PBXShellScriptBuildPhase;
			buildActionMask = 2147483647;
			files = (
			);
			inputPaths = (
			);
			name = "[CP] Check Pods Manifest.lock";
			outputPaths = (
			);
			runOnlyForDeploymentPostprocessing = 0;
			shellPath = /bin/sh;
			shellScript = "diff \"${PODS_PODFILE_DIR_PATH}/Podfile.lock\" \"${PODS_ROOT}/Manifest.lock\" > /dev/null\nif [ $? != 0 ] ; then\n    # print error to STDERR\n    echo \"error: The sandbox is not in sync with the Podfile.lock. Run 'pod install' or update your CocoaPods installation.\" >&2\n    exit 1\nfi\n";
			showEnvVarsInLog = 0;
		};
		E44B9795DD5C1529EEE62860 /* [CP] Copy Pods Resources */ = {
			isa = PBXShellScriptBuildPhase;
			buildActionMask = 2147483647;
			files = (
			);
			inputPaths = (
			);
			name = "[CP] Copy Pods Resources";
			outputPaths = (
			);
			runOnlyForDeploymentPostprocessing = 0;
			shellPath = /bin/sh;
			shellScript = "\"${SRCROOT}/Pods/Target Support Files/Pods-FlickerPhotoViewer/Pods-FlickerPhotoViewer-resources.sh\"\n";
			showEnvVarsInLog = 0;
		};
/* End PBXShellScriptBuildPhase section */

/* Begin PBXSourcesBuildPhase section */
		B8786A691F1CA5E60047294E /* Sources */ = {
			isa = PBXSourcesBuildPhase;
			buildActionMask = 2147483647;
			files = (
				B89424C41F1CD22F0003CD33 /* UserPhotosVC.swift in Sources */,
				B8786A8B1F1CB5720047294E /* Constants.swift in Sources */,
				B8786A861F1CADE90047294E /* FlickrCell.swift in Sources */,
				B81320101F20D9460038FE6B /* MFSideMenuShadow.m in Sources */,
				B8786A881F1CB3BE0047294E /* FlickrUser.swift in Sources */,
				B8786A731F1CA5E60047294E /* MainVC.swift in Sources */,
				B8CAF8B01F29E04D00E883D9 /* ContainorView.swift in Sources */,
				B8786A711F1CA5E60047294E /* AppDelegate.swift in Sources */,
				B8068E061F1F5EEE00D54653 /* ParentViewController.swift in Sources */,
				B8105CBD1F260305002ADD6F /* FlickerPhotoViewer.xcdatamodeld in Sources */,
				B81320061F20C8300038FE6B /* LandingViewController.swift in Sources */,
				B8DCD22E1F27432D0081CB01 /* LikesVC.swift in Sources */,
				B81320131F20DB080038FE6B /* SideViewController.swift in Sources */,
				B8DCD2301F274F770081CB01 /* DownloadVC.swift in Sources */,
				B81320111F20D9460038FE6B /* UIViewController+MFSideMenuAdditions.m in Sources */,
				B8342A9D1F28D23D00EDCBBD /* WebViewController.swift in Sources */,
				B8DCD2321F2756430081CB01 /* LikesCell.swift in Sources */,
				B893D6551F2683B5009328AE /* ImageOfFlickrUser.swift in Sources */,
				B81320191F20F5B80038FE6B /* FullImageVC.swift in Sources */,
				B8DCD2341F2775100081CB01 /* DownloadCell.swift in Sources */,
				B81320171F20EC960038FE6B /* userTableViewCell.swift in Sources */,
				B81320151F20DB190038FE6B /* SideMenuTableViewCell.swift in Sources */,
				B8068E051F1F5EEE00D54653 /* MBProgressHUD.m in Sources */,
				B813200F1F20D9460038FE6B /* MFSideMenuContainerViewController.m in Sources */,
			);
			runOnlyForDeploymentPostprocessing = 0;
		};
/* End PBXSourcesBuildPhase section */

/* Begin PBXVariantGroup section */
		B8786A741F1CA5E60047294E /* Main.storyboard */ = {
			isa = PBXVariantGroup;
			children = (
				B8786A751F1CA5E60047294E /* Base */,
			);
			name = Main.storyboard;
			sourceTree = "<group>";
		};
		B8786A791F1CA5E60047294E /* LaunchScreen.storyboard */ = {
			isa = PBXVariantGroup;
			children = (
				B8786A7A1F1CA5E60047294E /* Base */,
			);
			name = LaunchScreen.storyboard;
			sourceTree = "<group>";
		};
/* End PBXVariantGroup section */

/* Begin XCBuildConfiguration section */
		B8786A7D1F1CA5E60047294E /* Debug */ = {
			isa = XCBuildConfiguration;
			buildSettings = {
				ALWAYS_SEARCH_USER_PATHS = NO;
				CLANG_ANALYZER_NONNULL = YES;
				CLANG_ANALYZER_NUMBER_OBJECT_CONVERSION = YES_AGGRESSIVE;
				CLANG_CXX_LANGUAGE_STANDARD = "gnu++0x";
				CLANG_CXX_LIBRARY = "libc++";
				CLANG_ENABLE_MODULES = YES;
				CLANG_ENABLE_OBJC_ARC = YES;
				CLANG_WARN_BOOL_CONVERSION = YES;
				CLANG_WARN_CONSTANT_CONVERSION = YES;
				CLANG_WARN_DIRECT_OBJC_ISA_USAGE = YES_ERROR;
				CLANG_WARN_DOCUMENTATION_COMMENTS = YES;
				CLANG_WARN_EMPTY_BODY = YES;
				CLANG_WARN_ENUM_CONVERSION = YES;
				CLANG_WARN_INFINITE_RECURSION = YES;
				CLANG_WARN_INT_CONVERSION = YES;
				CLANG_WARN_OBJC_ROOT_CLASS = YES_ERROR;
				CLANG_WARN_SUSPICIOUS_MOVE = YES;
				CLANG_WARN_UNREACHABLE_CODE = YES;
				CLANG_WARN__DUPLICATE_METHOD_MATCH = YES;
				"CODE_SIGN_IDENTITY[sdk=iphoneos*]" = "iPhone Developer";
				COPY_PHASE_STRIP = NO;
				DEBUG_INFORMATION_FORMAT = dwarf;
				ENABLE_STRICT_OBJC_MSGSEND = YES;
				ENABLE_TESTABILITY = YES;
				GCC_C_LANGUAGE_STANDARD = gnu99;
				GCC_DYNAMIC_NO_PIC = NO;
				GCC_NO_COMMON_BLOCKS = YES;
				GCC_OPTIMIZATION_LEVEL = 0;
				GCC_PREPROCESSOR_DEFINITIONS = (
					"DEBUG=1",
					"$(inherited)",
				);
				GCC_WARN_64_TO_32_BIT_CONVERSION = YES;
				GCC_WARN_ABOUT_RETURN_TYPE = YES_ERROR;
				GCC_WARN_UNDECLARED_SELECTOR = YES;
				GCC_WARN_UNINITIALIZED_AUTOS = YES_AGGRESSIVE;
				GCC_WARN_UNUSED_FUNCTION = YES;
				GCC_WARN_UNUSED_VARIABLE = YES;
				IPHONEOS_DEPLOYMENT_TARGET = 10.3;
				MTL_ENABLE_DEBUG_INFO = YES;
				ONLY_ACTIVE_ARCH = YES;
				SDKROOT = iphoneos;
				SWIFT_ACTIVE_COMPILATION_CONDITIONS = DEBUG;
				SWIFT_OPTIMIZATION_LEVEL = "-Onone";
			};
			name = Debug;
		};
		B8786A7E1F1CA5E60047294E /* Release */ = {
			isa = XCBuildConfiguration;
			buildSettings = {
				ALWAYS_SEARCH_USER_PATHS = NO;
				CLANG_ANALYZER_NONNULL = YES;
				CLANG_ANALYZER_NUMBER_OBJECT_CONVERSION = YES_AGGRESSIVE;
				CLANG_CXX_LANGUAGE_STANDARD = "gnu++0x";
				CLANG_CXX_LIBRARY = "libc++";
				CLANG_ENABLE_MODULES = YES;
				CLANG_ENABLE_OBJC_ARC = YES;
				CLANG_WARN_BOOL_CONVERSION = YES;
				CLANG_WARN_CONSTANT_CONVERSION = YES;
				CLANG_WARN_DIRECT_OBJC_ISA_USAGE = YES_ERROR;
				CLANG_WARN_DOCUMENTATION_COMMENTS = YES;
				CLANG_WARN_EMPTY_BODY = YES;
				CLANG_WARN_ENUM_CONVERSION = YES;
				CLANG_WARN_INFINITE_RECURSION = YES;
				CLANG_WARN_INT_CONVERSION = YES;
				CLANG_WARN_OBJC_ROOT_CLASS = YES_ERROR;
				CLANG_WARN_SUSPICIOUS_MOVE = YES;
				CLANG_WARN_UNREACHABLE_CODE = YES;
				CLANG_WARN__DUPLICATE_METHOD_MATCH = YES;
				"CODE_SIGN_IDENTITY[sdk=iphoneos*]" = "iPhone Developer";
				COPY_PHASE_STRIP = NO;
				DEBUG_INFORMATION_FORMAT = "dwarf-with-dsym";
				ENABLE_NS_ASSERTIONS = NO;
				ENABLE_STRICT_OBJC_MSGSEND = YES;
				GCC_C_LANGUAGE_STANDARD = gnu99;
				GCC_NO_COMMON_BLOCKS = YES;
				GCC_WARN_64_TO_32_BIT_CONVERSION = YES;
				GCC_WARN_ABOUT_RETURN_TYPE = YES_ERROR;
				GCC_WARN_UNDECLARED_SELECTOR = YES;
				GCC_WARN_UNINITIALIZED_AUTOS = YES_AGGRESSIVE;
				GCC_WARN_UNUSED_FUNCTION = YES;
				GCC_WARN_UNUSED_VARIABLE = YES;
				IPHONEOS_DEPLOYMENT_TARGET = 10.3;
				MTL_ENABLE_DEBUG_INFO = NO;
				SDKROOT = iphoneos;
				SWIFT_OPTIMIZATION_LEVEL = "-Owholemodule";
				VALIDATE_PRODUCT = YES;
			};
			name = Release;
		};
		B8786A801F1CA5E60047294E /* Debug */ = {
			isa = XCBuildConfiguration;
			baseConfigurationReference = 6F5049B3BFA4B17370508B3C /* Pods-FlickerPhotoViewer.debug.xcconfig */;
			buildSettings = {
				ASSETCATALOG_COMPILER_APPICON_NAME = AppIcon;
				CLANG_ENABLE_MODULES = YES;
				CODE_SIGN_ENTITLEMENTS = FlickerPhotoViewer/FlickerPhotoViewer.entitlements;
				"CODE_SIGN_IDENTITY[sdk=iphoneos*]" = "iPhone Developer";
				DEVELOPMENT_TEAM = R9APBUX8U9;
				INFOPLIST_FILE = FlickerPhotoViewer/Info.plist;
				LD_RUNPATH_SEARCH_PATHS = "$(inherited) @executable_path/Frameworks";
				PRODUCT_BUNDLE_IDENTIFIER = com.FlickerPhotoViewer;
				PRODUCT_NAME = "$(TARGET_NAME)";
				PROVISIONING_PROFILE_SPECIFIER = "";
				SWIFT_OBJC_BRIDGING_HEADER = "FlickerPhotoViewer/FlickerPhotoViewer-Bridging-Header.h";
				SWIFT_OPTIMIZATION_LEVEL = "-Onone";
				SWIFT_VERSION = 3.0;
			};
			name = Debug;
		};
		B8786A811F1CA5E60047294E /* Release */ = {
			isa = XCBuildConfiguration;
			baseConfigurationReference = 6908639A7843020CDA43056C /* Pods-FlickerPhotoViewer.release.xcconfig */;
			buildSettings = {
				ASSETCATALOG_COMPILER_APPICON_NAME = AppIcon;
				CLANG_ENABLE_MODULES = YES;
				CODE_SIGN_ENTITLEMENTS = FlickerPhotoViewer/FlickerPhotoViewer.entitlements;
				"CODE_SIGN_IDENTITY[sdk=iphoneos*]" = "iPhone Developer";
				DEVELOPMENT_TEAM = R9APBUX8U9;
				INFOPLIST_FILE = FlickerPhotoViewer/Info.plist;
				LD_RUNPATH_SEARCH_PATHS = "$(inherited) @executable_path/Frameworks";
				PRODUCT_BUNDLE_IDENTIFIER = com.FlickerPhotoViewer;
				PRODUCT_NAME = "$(TARGET_NAME)";
				PROVISIONING_PROFILE_SPECIFIER = "";
				SWIFT_OBJC_BRIDGING_HEADER = "FlickerPhotoViewer/FlickerPhotoViewer-Bridging-Header.h";
				SWIFT_VERSION = 3.0;
			};
			name = Release;
		};
/* End XCBuildConfiguration section */

/* Begin XCConfigurationList section */
		B8786A681F1CA5E60047294E /* Build configuration list for PBXProject "FlickerPhotoViewer" */ = {
			isa = XCConfigurationList;
			buildConfigurations = (
				B8786A7D1F1CA5E60047294E /* Debug */,
				B8786A7E1F1CA5E60047294E /* Release */,
			);
			defaultConfigurationIsVisible = 0;
			defaultConfigurationName = Release;
		};
		B8786A7F1F1CA5E60047294E /* Build configuration list for PBXNativeTarget "FlickerPhotoViewer" */ = {
			isa = XCConfigurationList;
			buildConfigurations = (
				B8786A801F1CA5E60047294E /* Debug */,
				B8786A811F1CA5E60047294E /* Release */,
			);
			defaultConfigurationIsVisible = 0;
			defaultConfigurationName = Release;
		};
/* End XCConfigurationList section */

/* Begin XCVersionGroup section */
		B8105CBB1F260305002ADD6F /* FlickerPhotoViewer.xcdatamodeld */ = {
			isa = XCVersionGroup;
			children = (
				B8105CBC1F260305002ADD6F /* FlickerPhotoViewer.xcdatamodel */,
			);
			currentVersion = B8105CBC1F260305002ADD6F /* FlickerPhotoViewer.xcdatamodel */;
			path = FlickerPhotoViewer.xcdatamodeld;
			sourceTree = SOURCE_ROOT;
			versionGroupType = wrapper.xcdatamodel;
		};
/* End XCVersionGroup section */
	};
	rootObject = B8786A651F1CA5E60047294E /* Project object */;
}
